
Microsoft Visual Studio Solution File, Format Version 12.00
# Visual Studio Version 17
VisualStudioVersion = 17.8.34408.163
MinimumVisualStudioVersion = 10.0.40219.1
Project("{FAE04EC0-301F-11D3-BF4B-00C04F79EFBC}") = "Lab Creating Classes", "Lab Creating Classes.csproj", "{5C9A044B-89F9-4957-9C06-0FFAF06D4C98}"
EndProject
Global
	GlobalSection(SolutionConfigurationPlatforms) = preSolution
		Debug|Any CPU = Debug|Any CPU
		Release|Any CPU = Release|Any CPU
	EndGlobalSection
	GlobalSection(ProjectConfigurationPlatforms) = postSolution
		{5C9A044B-89F9-4957-9C06-0FFAF06D4C98}.Debug|Any CPU.ActiveCfg = Debug|Any CPU
		{5C9A044B-89F9-4957-9C06-0FFAF06D4C98}.Debug|Any CPU.Build.0 = Debug|Any CPU
		{5C9A044B-89F9-4957-9C06-0FFAF06D4C98}.Release|Any CPU.ActiveCfg = Release|Any CPU
		{5C9A044B-89F9-4957-9C06-0FFAF06D4C98}.Release|Any CPU.Build.0 = Release|Any CPU
	EndGlobalSection
	GlobalSection(SolutionProperties) = preSolution
		HideSolutionNode = FALSE
	EndGlobalSection
	GlobalSection(ExtensibilityGlobals) = postSolution
		SolutionGuid = {9C846C13-89BA-4021-AA24-3A7AB9185759}
	EndGlobalSection
EndGlobal
